# This file was autogenerated by Stack.
# You should not edit this file by hand.
# For more information, please see the documentation at:
#   https://docs.haskellstack.org/en/stable/lock_files

packages: []
snapshots:
- completed:
    size: 587963
    url: https://raw.githubusercontent.com/commercialhaskell/stackage-snapshots/master/nightly/2021/6/1.yaml
    sha256: 6f13285c82266d1d06f7f68366a5190dcbc6758ae8806813005cf56daa6bb9be
  original: nightly-2021-06-01
